{
    "_readme": [
        "This file locks the dependencies of your project to a known state",
        "Read more about it at https://getcomposer.org/doc/01-basic-usage.md#installing-dependencies",
        "This file is @generated automatically"
    ],
    "content-hash": "c0d839b93c536a6d0b09e441e400a884",
    "packages": [
        {
            "name": "aheissenberger/sentimentanalyser",
            "version": "dev-master",
            "source": {
                "type": "git",
                "url": "https://github.com/aheissenberger/php-sentimentanalyser.git",
                "reference": "5916111c6c07b32701dde2e685557dc514cc88b0"
            },
            "dist": {
                "type": "zip",
                "url": "https://api.github.com/repos/aheissenberger/php-sentimentanalyser/zipball/5916111c6c07b32701dde2e685557dc514cc88b0",
                "reference": "5916111c6c07b32701dde2e685557dc514cc88b0",
                "shasum": ""
            },
            "require": {
                "php": ">=5.4"
            },
            "require-dev": {
                "phpunit/phpunit": "5.2.*"
            },
            "type": "library",
            "autoload": {
                "psr-4": {
                    "aheissenberger\\sentimentanalyser\\": "src/"
                }
            },
            "notification-url": "https://packagist.org/downloads/",
            "license": [
                "MIT"
            ],
            "authors": [
                {
                    "name": "Andreas Heissenberger",
                    "email": "andreas@heissenberger.at"
                }
            ],
            "description": "German Sentiment analysis library for PHP.",
            "keywords": [
                "german",
                "sentiment",
                "sentiws"
            ],
            "time": "2018-09-11T20:49:21+00:00"
        },
        {
            "name": "simplepie/simplepie",
            "version": "1.5.2",
            "source": {
                "type": "git",
                "url": "https://github.com/simplepie/simplepie.git",
                "reference": "0e8fe72132dad765d25db4cabc69a91139af1263"
            },
            "dist": {
                "type": "zip",
                "url": "https://api.github.com/repos/simplepie/simplepie/zipball/0e8fe72132dad765d25db4cabc69a91139af1263",
                "reference": "0e8fe72132dad765d25db4cabc69a91139af1263",
                "shasum": ""
            },
            "require": {
                "ext-pcre": "*",
                "ext-xml": "*",
                "ext-xmlreader": "*",
                "php": ">=5.6.0"
            },
            "require-dev": {
                "phpunit/phpunit": "~5.4.3 || ~6.5"
            },
            "suggest": {
                "ext-curl": "",
                "ext-iconv": "",
                "ext-intl": "",
                "ext-mbstring": "",
                "mf2/mf2": "Microformat module that allows for parsing HTML for microformats"
            },
            "type": "library",
            "autoload": {
                "psr-0": {
                    "SimplePie": "library"
                }
            },
            "notification-url": "https://packagist.org/downloads/",
            "license": [
                "BSD-3-Clause"
            ],
            "authors": [
                {
                    "name": "Ryan Parman",
                    "homepage": "http://ryanparman.com/",
                    "role": "Creator, alumnus developer"
                },
                {
                    "name": "Geoffrey Sneddon",
                    "homepage": "http://gsnedders.com/",
                    "role": "Alumnus developer"
                },
                {
                    "name": "Ryan McCue",
                    "email": "me@ryanmccue.info",
                    "homepage": "http://ryanmccue.info/",
                    "role": "Developer"
                }
            ],
            "description": "A simple Atom/RSS parsing library for PHP",
            "homepage": "http://simplepie.org/",
            "keywords": [
                "atom",
                "feeds",
                "rss"
            ],
            "time": "2018-08-02T05:43:58+00:00"
        }
    ],
    "packages-dev": [],
    "aliases": [],
    "minimum-stability": "stable",
    "stability-flags": {
        "aheissenberger/sentimentanalyser": 20
    },
    "prefer-stable": false,
    "prefer-lowest": false,
    "platform": [],
    "platform-dev": []
}
